
Microsoft Visual Studio Solution File, Format Version 12.00
# Visual Studio 2013
Project("{FAE04EC0-301F-11D3-BF4B-00C04F79EFBC}") = "UnityVS.Energy.CSharp", "UnityVS.Energy.CSharp.csproj", "{546E8326-F93F-C39B-77DD-E830A1E970EB}"
EndProject
Global
	GlobalSection(SolutionConfigurationPlatforms) = preSolution
		Debug|Any CPU = Debug|Any CPU
		Release|Any CPU = Release|Any CPU
	EndGlobalSection
	GlobalSection(ProjectConfigurationPlatforms) = postSolution
		{546E8326-F93F-C39B-77DD-E830A1E970EB}.Debug|Any CPU.ActiveCfg = Debug|Any CPU
		{546E8326-F93F-C39B-77DD-E830A1E970EB}.Debug|Any CPU.Build.0 = Debug|Any CPU
		{546E8326-F93F-C39B-77DD-E830A1E970EB}.Release|Any CPU.ActiveCfg = Release|Any CPU
		{546E8326-F93F-C39B-77DD-E830A1E970EB}.Release|Any CPU.Build.0 = Release|Any CPU
	EndGlobalSection
	GlobalSection(SolutionProperties) = preSolution
		HideSolutionNode = FALSE
	EndGlobalSection
EndGlobal
